// !$*UTF8*$!
{
	archiveVersion = 1;
	classes = {
	};
	objectVersion = 56;
	objects = {

/* Begin PBXBuildFile section */
		CA3F0BCC2B7282F6000F3485 /* AppDelegate.swift in Sources */ = {isa = PBXBuildFile; fileRef = CA3F0BCB2B7282F6000F3485 /* AppDelegate.swift */; };
		CA3F0BCE2B7282F6000F3485 /* SceneDelegate.swift in Sources */ = {isa = PBXBuildFile; fileRef = CA3F0BCD2B7282F6000F3485 /* SceneDelegate.swift */; };
		CA3F0BD02B7282F6000F3485 /* MyPlanViewController.swift in Sources */ = {isa = PBXBuildFile; fileRef = CA3F0BCF2B7282F6000F3485 /* MyPlanViewController.swift */; };
		CA3F0BD32B7282F6000F3485 /* Main.storyboard in Resources */ = {isa = PBXBuildFile; fileRef = CA3F0BD12B7282F6000F3485 /* Main.storyboard */; };
		CA3F0BD52B728307000F3485 /* Assets.xcassets in Resources */ = {isa = PBXBuildFile; fileRef = CA3F0BD42B728307000F3485 /* Assets.xcassets */; };
		CA3F0BD82B728307000F3485 /* LaunchScreen.storyboard in Resources */ = {isa = PBXBuildFile; fileRef = CA3F0BD62B728307000F3485 /* LaunchScreen.storyboard */; };
		CA3F0BE12B728476000F3485 /* sessions.json in Resources */ = {isa = PBXBuildFile; fileRef = CA3F0BE02B728476000F3485 /* sessions.json */; };
		CA3F0BE52B728B95000F3485 /* Session.swift in Sources */ = {isa = PBXBuildFile; fileRef = CA3F0BE42B728B95000F3485 /* Session.swift */; };
		CA3F0BE72B728CCB000F3485 /* Sessions.swift in Sources */ = {isa = PBXBuildFile; fileRef = CA3F0BE62B728CCB000F3485 /* Sessions.swift */; };
		CA3F0BEE2B729115000F3485 /* APIService.swift in Sources */ = {isa = PBXBuildFile; fileRef = CA3F0BED2B729115000F3485 /* APIService.swift */; };
		CA3F0BF12B72930F000F3485 /* MyPlanViewControllerViewModel.swift in Sources */ = {isa = PBXBuildFile; fileRef = CA3F0BF02B72930F000F3485 /* MyPlanViewControllerViewModel.swift */; };
		CA3F0BF72B7299A9000F3485 /* SessionCollectionViewCell.swift in Sources */ = {isa = PBXBuildFile; fileRef = CA3F0BF52B7299A9000F3485 /* SessionCollectionViewCell.swift */; };
		CA3F0BF82B7299A9000F3485 /* SessionCollectionViewCell.xib in Resources */ = {isa = PBXBuildFile; fileRef = CA3F0BF62B7299A9000F3485 /* SessionCollectionViewCell.xib */; };
		CA3F0BFD2B72B5A8000F3485 /* SessionCollectionViewCellViewModel.swift in Sources */ = {isa = PBXBuildFile; fileRef = CA3F0BFC2B72B5A8000F3485 /* SessionCollectionViewCellViewModel.swift */; };
		CA3F0BFF2B72BADE000F3485 /* UserDefaultsService.swift in Sources */ = {isa = PBXBuildFile; fileRef = CA3F0BFE2B72BADE000F3485 /* UserDefaultsService.swift */; };
/* End PBXBuildFile section */

/* Begin PBXFileReference section */
		CA3F0BC82B7282F6000F3485 /* YogaAppFitness22.app */ = {isa = PBXFileReference; explicitFileType = wrapper.application; includeInIndex = 0; path = YogaAppFitness22.app; sourceTree = BUILT_PRODUCTS_DIR; };
		CA3F0BCB2B7282F6000F3485 /* AppDelegate.swift */ = {isa = PBXFileReference; lastKnownFileType = sourcecode.swift; path = AppDelegate.swift; sourceTree = "<group>"; };
		CA3F0BCD2B7282F6000F3485 /* SceneDelegate.swift */ = {isa = PBXFileReference; lastKnownFileType = sourcecode.swift; path = SceneDelegate.swift; sourceTree = "<group>"; };
		CA3F0BCF2B7282F6000F3485 /* MyPlanViewController.swift */ = {isa = PBXFileReference; lastKnownFileType = sourcecode.swift; path = MyPlanViewController.swift; sourceTree = "<group>"; };
		CA3F0BD22B7282F6000F3485 /* Base */ = {isa = PBXFileReference; lastKnownFileType = file.storyboard; name = Base; path = Base.lproj/Main.storyboard; sourceTree = "<group>"; };
		CA3F0BD42B728307000F3485 /* Assets.xcassets */ = {isa = PBXFileReference; lastKnownFileType = folder.assetcatalog; path = Assets.xcassets; sourceTree = "<group>"; };
		CA3F0BD72B728307000F3485 /* Base */ = {isa = PBXFileReference; lastKnownFileType = file.storyboard; name = Base; path = Base.lproj/LaunchScreen.storyboard; sourceTree = "<group>"; };
		CA3F0BD92B728307000F3485 /* Info.plist */ = {isa = PBXFileReference; lastKnownFileType = text.plist.xml; path = Info.plist; sourceTree = "<group>"; };
		CA3F0BE02B728476000F3485 /* sessions.json */ = {isa = PBXFileReference; fileEncoding = 4; lastKnownFileType = text.json; path = sessions.json; sourceTree = "<group>"; };
		CA3F0BE42B728B95000F3485 /* Session.swift */ = {isa = PBXFileReference; lastKnownFileType = sourcecode.swift; path = Session.swift; sourceTree = "<group>"; };
		CA3F0BE62B728CCB000F3485 /* Sessions.swift */ = {isa = PBXFileReference; lastKnownFileType = sourcecode.swift; path = Sessions.swift; sourceTree = "<group>"; };
		CA3F0BED2B729115000F3485 /* APIService.swift */ = {isa = PBXFileReference; lastKnownFileType = sourcecode.swift; path = APIService.swift; sourceTree = "<group>"; };
		CA3F0BF02B72930F000F3485 /* MyPlanViewControllerViewModel.swift */ = {isa = PBXFileReference; lastKnownFileType = sourcecode.swift; path = MyPlanViewControllerViewModel.swift; sourceTree = "<group>"; };
		CA3F0BF52B7299A9000F3485 /* SessionCollectionViewCell.swift */ = {isa = PBXFileReference; lastKnownFileType = sourcecode.swift; path = SessionCollectionViewCell.swift; sourceTree = "<group>"; };
		CA3F0BF62B7299A9000F3485 /* SessionCollectionViewCell.xib */ = {isa = PBXFileReference; lastKnownFileType = file.xib; path = SessionCollectionViewCell.xib; sourceTree = "<group>"; };
		CA3F0BF92B72AD06000F3485 /* Kohinoor-Book.otf */ = {isa = PBXFileReference; lastKnownFileType = file; path = "Kohinoor-Book.otf"; sourceTree = "<group>"; };
		CA3F0BFA2B72AD06000F3485 /* Kohinoor-Medium.otf */ = {isa = PBXFileReference; lastKnownFileType = file; path = "Kohinoor-Medium.otf"; sourceTree = "<group>"; };
		CA3F0BFC2B72B5A8000F3485 /* SessionCollectionViewCellViewModel.swift */ = {isa = PBXFileReference; lastKnownFileType = sourcecode.swift; path = SessionCollectionViewCellViewModel.swift; sourceTree = "<group>"; };
		CA3F0BFE2B72BADE000F3485 /* UserDefaultsService.swift */ = {isa = PBXFileReference; lastKnownFileType = sourcecode.swift; path = UserDefaultsService.swift; sourceTree = "<group>"; };
/* End PBXFileReference section */

/* Begin PBXFrameworksBuildPhase section */
		CA3F0BC52B7282F6000F3485 /* Frameworks */ = {
			isa = PBXFrameworksBuildPhase;
			buildActionMask = 2147483647;
			files = (
			);
			runOnlyForDeploymentPostprocessing = 0;
		};
/* End PBXFrameworksBuildPhase section */

/* Begin PBXGroup section */
		CA3F0BBF2B7282F6000F3485 = {
			isa = PBXGroup;
			children = (
				CA3F0BCA2B7282F6000F3485 /* YogaAppFitness22 */,
				CA3F0BC92B7282F6000F3485 /* Products */,
			);
			sourceTree = "<group>";
		};
		CA3F0BC92B7282F6000F3485 /* Products */ = {
			isa = PBXGroup;
			children = (
				CA3F0BC82B7282F6000F3485 /* YogaAppFitness22.app */,
			);
			name = Products;
			sourceTree = "<group>";
		};
		CA3F0BCA2B7282F6000F3485 /* YogaAppFitness22 */ = {
			isa = PBXGroup;
			children = (
				CA3F0BF22B729958000F3485 /* View */,
				CA3F0BEF2B7292F8000F3485 /* ViewModel */,
				CA3F0BEC2B7290FE000F3485 /* Servise */,
				CA3F0BE22B728B58000F3485 /* Model */,
				CA3F0BDF2B728384000F3485 /*  Resources */,
				CA3F0BD92B728307000F3485 /* Info.plist */,
			);
			path = YogaAppFitness22;
			sourceTree = "<group>";
		};
		CA3F0BDF2B728384000F3485 /*  Resources */ = {
			isa = PBXGroup;
			children = (
				CA3F0BFB2B72AD25000F3485 /* fonts */,
				CA3F0BE02B728476000F3485 /* sessions.json */,
				CA3F0BCB2B7282F6000F3485 /* AppDelegate.swift */,
				CA3F0BCD2B7282F6000F3485 /* SceneDelegate.swift */,
				CA3F0BD42B728307000F3485 /* Assets.xcassets */,
				CA3F0BD62B728307000F3485 /* LaunchScreen.storyboard */,
			);
			path = " Resources";
			sourceTree = "<group>";
		};
		CA3F0BE22B728B58000F3485 /* Model */ = {
			isa = PBXGroup;
			children = (
				CA3F0BE42B728B95000F3485 /* Session.swift */,
				CA3F0BE62B728CCB000F3485 /* Sessions.swift */,
			);
			path = Model;
			sourceTree = "<group>";
		};
		CA3F0BEC2B7290FE000F3485 /* Servise */ = {
			isa = PBXGroup;
			children = (
				CA3F0BED2B729115000F3485 /* APIService.swift */,
				CA3F0BFE2B72BADE000F3485 /* UserDefaultsService.swift */,
			);
			path = Servise;
			sourceTree = "<group>";
		};
		CA3F0BEF2B7292F8000F3485 /* ViewModel */ = {
			isa = PBXGroup;
			children = (
				CA3F0BF02B72930F000F3485 /* MyPlanViewControllerViewModel.swift */,
				CA3F0BFC2B72B5A8000F3485 /* SessionCollectionViewCellViewModel.swift */,
			);
			path = ViewModel;
			sourceTree = "<group>";
		};
		CA3F0BF22B729958000F3485 /* View */ = {
			isa = PBXGroup;
			children = (
				CA3F0BF42B72998B000F3485 /* Cells */,
				CA3F0BF32B729966000F3485 /* ViewControllers */,
			);
			path = View;
			sourceTree = "<group>";
		};
		CA3F0BF32B729966000F3485 /* ViewControllers */ = {
			isa = PBXGroup;
			children = (
				CA3F0BCF2B7282F6000F3485 /* MyPlanViewController.swift */,
				CA3F0BD12B7282F6000F3485 /* Main.storyboard */,
			);
			path = ViewControllers;
			sourceTree = "<group>";
		};
		CA3F0BF42B72998B000F3485 /* Cells */ = {
			isa = PBXGroup;
			children = (
				CA3F0BF52B7299A9000F3485 /* SessionCollectionViewCell.swift */,
				CA3F0BF62B7299A9000F3485 /* SessionCollectionViewCell.xib */,
			);
			path = Cells;
			sourceTree = "<group>";
		};
		CA3F0BFB2B72AD25000F3485 /* fonts */ = {
			isa = PBXGroup;
			children = (
				CA3F0BF92B72AD06000F3485 /* Kohinoor-Book.otf */,
				CA3F0BFA2B72AD06000F3485 /* Kohinoor-Medium.otf */,
			);
			path = fonts;
			sourceTree = "<group>";
		};
/* End PBXGroup section */

/* Begin PBXNativeTarget section */
		CA3F0BC72B7282F6000F3485 /* YogaAppFitness22 */ = {
			isa = PBXNativeTarget;
			buildConfigurationList = CA3F0BDC2B728307000F3485 /* Build configuration list for PBXNativeTarget "YogaAppFitness22" */;
			buildPhases = (
				CA3F0BC42B7282F6000F3485 /* Sources */,
				CA3F0BC52B7282F6000F3485 /* Frameworks */,
				CA3F0BC62B7282F6000F3485 /* Resources */,
			);
			buildRules = (
			);
			dependencies = (
			);
			name = YogaAppFitness22;
			productName = YogaAppFitness22;
			productReference = CA3F0BC82B7282F6000F3485 /* YogaAppFitness22.app */;
			productType = "com.apple.product-type.application";
		};
/* End PBXNativeTarget section */

/* Begin PBXProject section */
		CA3F0BC02B7282F6000F3485 /* Project object */ = {
			isa = PBXProject;
			attributes = {
				BuildIndependentTargetsInParallel = 1;
				LastSwiftUpdateCheck = 1420;
				LastUpgradeCheck = 1420;
				TargetAttributes = {
					CA3F0BC72B7282F6000F3485 = {
						CreatedOnToolsVersion = 14.2;
					};
				};
			};
			buildConfigurationList = CA3F0BC32B7282F6000F3485 /* Build configuration list for PBXProject "YogaAppFitness22" */;
			compatibilityVersion = "Xcode 14.0";
			developmentRegion = en;
			hasScannedForEncodings = 0;
			knownRegions = (
				en,
				Base,
			);
			mainGroup = CA3F0BBF2B7282F6000F3485;
			productRefGroup = CA3F0BC92B7282F6000F3485 /* Products */;
			projectDirPath = "";
			projectRoot = "";
			targets = (
				CA3F0BC72B7282F6000F3485 /* YogaAppFitness22 */,
			);
		};
/* End PBXProject section */

/* Begin PBXResourcesBuildPhase section */
		CA3F0BC62B7282F6000F3485 /* Resources */ = {
			isa = PBXResourcesBuildPhase;
			buildActionMask = 2147483647;
			files = (
				CA3F0BE12B728476000F3485 /* sessions.json in Resources */,
				CA3F0BD82B728307000F3485 /* LaunchScreen.storyboard in Resources */,
				CA3F0BD52B728307000F3485 /* Assets.xcassets in Resources */,
				CA3F0BF82B7299A9000F3485 /* SessionCollectionViewCell.xib in Resources */,
				CA3F0BD32B7282F6000F3485 /* Main.storyboard in Resources */,
			);
			runOnlyForDeploymentPostprocessing = 0;
		};
/* End PBXResourcesBuildPhase section */

/* Begin PBXSourcesBuildPhase section */
		CA3F0BC42B7282F6000F3485 /* Sources */ = {
			isa = PBXSourcesBuildPhase;
			buildActionMask = 2147483647;
			files = (
				CA3F0BE52B728B95000F3485 /* Session.swift in Sources */,
				CA3F0BE72B728CCB000F3485 /* Sessions.swift in Sources */,
				CA3F0BFF2B72BADE000F3485 /* UserDefaultsService.swift in Sources */,
				CA3F0BD02B7282F6000F3485 /* MyPlanViewController.swift in Sources */,
				CA3F0BCC2B7282F6000F3485 /* AppDelegate.swift in Sources */,
				CA3F0BEE2B729115000F3485 /* APIService.swift in Sources */,
				CA3F0BF72B7299A9000F3485 /* SessionCollectionViewCell.swift in Sources */,
				CA3F0BCE2B7282F6000F3485 /* SceneDelegate.swift in Sources */,
				CA3F0BFD2B72B5A8000F3485 /* SessionCollectionViewCellViewModel.swift in Sources */,
				CA3F0BF12B72930F000F3485 /* MyPlanViewControllerViewModel.swift in Sources */,
			);
			runOnlyForDeploymentPostprocessing = 0;
		};
/* End PBXSourcesBuildPhase section */

/* Begin PBXVariantGroup section */
		CA3F0BD12B7282F6000F3485 /* Main.storyboard */ = {
			isa = PBXVariantGroup;
			children = (
				CA3F0BD22B7282F6000F3485 /* Base */,
			);
			name = Main.storyboard;
			sourceTree = "<group>";
		};
		CA3F0BD62B728307000F3485 /* LaunchScreen.storyboard */ = {
			isa = PBXVariantGroup;
			children = (
				CA3F0BD72B728307000F3485 /* Base */,
			);
			name = LaunchScreen.storyboard;
			sourceTree = "<group>";
		};
/* End PBXVariantGroup section */

/* Begin XCBuildConfiguration section */
		CA3F0BDA2B728307000F3485 /* Debug */ = {
			isa = XCBuildConfiguration;
			buildSettings = {
				ALWAYS_SEARCH_USER_PATHS = NO;
				CLANG_ANALYZER_NONNULL = YES;
				CLANG_ANALYZER_NUMBER_OBJECT_CONVERSION = YES_AGGRESSIVE;
				CLANG_CXX_LANGUAGE_STANDARD = "gnu++20";
				CLANG_ENABLE_MODULES = YES;
				CLANG_ENABLE_OBJC_ARC = YES;
				CLANG_ENABLE_OBJC_WEAK = YES;
				CLANG_WARN_BLOCK_CAPTURE_AUTORELEASING = YES;
				CLANG_WARN_BOOL_CONVERSION = YES;
				CLANG_WARN_COMMA = YES;
				CLANG_WARN_CONSTANT_CONVERSION = YES;
				CLANG_WARN_DEPRECATED_OBJC_IMPLEMENTATIONS = YES;
				CLANG_WARN_DIRECT_OBJC_ISA_USAGE = YES_ERROR;
				CLANG_WARN_DOCUMENTATION_COMMENTS = YES;
				CLANG_WARN_EMPTY_BODY = YES;
				CLANG_WARN_ENUM_CONVERSION = YES;
				CLANG_WARN_INFINITE_RECURSION = YES;
				CLANG_WARN_INT_CONVERSION = YES;
				CLANG_WARN_NON_LITERAL_NULL_CONVERSION = YES;
				CLANG_WARN_OBJC_IMPLICIT_RETAIN_SELF = YES;
				CLANG_WARN_OBJC_LITERAL_CONVERSION = YES;
				CLANG_WARN_OBJC_ROOT_CLASS = YES_ERROR;
				CLANG_WARN_QUOTED_INCLUDE_IN_FRAMEWORK_HEADER = YES;
				CLANG_WARN_RANGE_LOOP_ANALYSIS = YES;
				CLANG_WARN_STRICT_PROTOTYPES = YES;
				CLANG_WARN_SUSPICIOUS_MOVE = YES;
				CLANG_WARN_UNGUARDED_AVAILABILITY = YES_AGGRESSIVE;
				CLANG_WARN_UNREACHABLE_CODE = YES;
				CLANG_WARN__DUPLICATE_METHOD_MATCH = YES;
				COPY_PHASE_STRIP = NO;
				DEBUG_INFORMATION_FORMAT = dwarf;
				ENABLE_STRICT_OBJC_MSGSEND = YES;
				ENABLE_TESTABILITY = YES;
				GCC_C_LANGUAGE_STANDARD = gnu11;
				GCC_DYNAMIC_NO_PIC = NO;
				GCC_NO_COMMON_BLOCKS = YES;
				GCC_OPTIMIZATION_LEVEL = 0;
				GCC_PREPROCESSOR_DEFINITIONS = (
					"DEBUG=1",
					"$(inherited)",
				);
				GCC_WARN_64_TO_32_BIT_CONVERSION = YES;
				GCC_WARN_ABOUT_RETURN_TYPE = YES_ERROR;
				GCC_WARN_UNDECLARED_SELECTOR = YES;
				GCC_WARN_UNINITIALIZED_AUTOS = YES_AGGRESSIVE;
				GCC_WARN_UNUSED_FUNCTION = YES;
				GCC_WARN_UNUSED_VARIABLE = YES;
				IPHONEOS_DEPLOYMENT_TARGET = 16.2;
				MTL_ENABLE_DEBUG_INFO = INCLUDE_SOURCE;
				MTL_FAST_MATH = YES;
				ONLY_ACTIVE_ARCH = YES;
				SDKROOT = iphoneos;
				SWIFT_ACTIVE_COMPILATION_CONDITIONS = DEBUG;
				SWIFT_OPTIMIZATION_LEVEL = "-Onone";
			};
			name = Debug;
		};
		CA3F0BDB2B728307000F3485 /* Release */ = {
			isa = XCBuildConfiguration;
			buildSettings = {
				ALWAYS_SEARCH_USER_PATHS = NO;
				CLANG_ANALYZER_NONNULL = YES;
				CLANG_ANALYZER_NUMBER_OBJECT_CONVERSION = YES_AGGRESSIVE;
				CLANG_CXX_LANGUAGE_STANDARD = "gnu++20";
				CLANG_ENABLE_MODULES = YES;
				CLANG_ENABLE_OBJC_ARC = YES;
				CLANG_ENABLE_OBJC_WEAK = YES;
				CLANG_WARN_BLOCK_CAPTURE_AUTORELEASING = YES;
				CLANG_WARN_BOOL_CONVERSION = YES;
				CLANG_WARN_COMMA = YES;
				CLANG_WARN_CONSTANT_CONVERSION = YES;
				CLANG_WARN_DEPRECATED_OBJC_IMPLEMENTATIONS = YES;
				CLANG_WARN_DIRECT_OBJC_ISA_USAGE = YES_ERROR;
				CLANG_WARN_DOCUMENTATION_COMMENTS = YES;
				CLANG_WARN_EMPTY_BODY = YES;
				CLANG_WARN_ENUM_CONVERSION = YES;
				CLANG_WARN_INFINITE_RECURSION = YES;
				CLANG_WARN_INT_CONVERSION = YES;
				CLANG_WARN_NON_LITERAL_NULL_CONVERSION = YES;
				CLANG_WARN_OBJC_IMPLICIT_RETAIN_SELF = YES;
				CLANG_WARN_OBJC_LITERAL_CONVERSION = YES;
				CLANG_WARN_OBJC_ROOT_CLASS = YES_ERROR;
				CLANG_WARN_QUOTED_INCLUDE_IN_FRAMEWORK_HEADER = YES;
				CLANG_WARN_RANGE_LOOP_ANALYSIS = YES;
				CLANG_WARN_STRICT_PROTOTYPES = YES;
				CLANG_WARN_SUSPICIOUS_MOVE = YES;
				CLANG_WARN_UNGUARDED_AVAILABILITY = YES_AGGRESSIVE;
				CLANG_WARN_UNREACHABLE_CODE = YES;
				CLANG_WARN__DUPLICATE_METHOD_MATCH = YES;
				COPY_PHASE_STRIP = NO;
				DEBUG_INFORMATION_FORMAT = "dwarf-with-dsym";
				ENABLE_NS_ASSERTIONS = NO;
				ENABLE_STRICT_OBJC_MSGSEND = YES;
				GCC_C_LANGUAGE_STANDARD = gnu11;
				GCC_NO_COMMON_BLOCKS = YES;
				GCC_WARN_64_TO_32_BIT_CONVERSION = YES;
				GCC_WARN_ABOUT_RETURN_TYPE = YES_ERROR;
				GCC_WARN_UNDECLARED_SELECTOR = YES;
				GCC_WARN_UNINITIALIZED_AUTOS = YES_AGGRESSIVE;
				GCC_WARN_UNUSED_FUNCTION = YES;
				GCC_WARN_UNUSED_VARIABLE = YES;
				IPHONEOS_DEPLOYMENT_TARGET = 16.2;
				MTL_ENABLE_DEBUG_INFO = NO;
				MTL_FAST_MATH = YES;
				SDKROOT = iphoneos;
				SWIFT_COMPILATION_MODE = wholemodule;
				SWIFT_OPTIMIZATION_LEVEL = "-O";
				VALIDATE_PRODUCT = YES;
			};
			name = Release;
		};
		CA3F0BDD2B728307000F3485 /* Debug */ = {
			isa = XCBuildConfiguration;
			buildSettings = {
				ASSETCATALOG_COMPILER_APPICON_NAME = AppIcon;
				ASSETCATALOG_COMPILER_GLOBAL_ACCENT_COLOR_NAME = AccentColor;
				CODE_SIGN_STYLE = Automatic;
				CURRENT_PROJECT_VERSION = 1;
				GENERATE_INFOPLIST_FILE = YES;
				INFOPLIST_FILE = YogaAppFitness22/Info.plist;
				INFOPLIST_KEY_UIApplicationSupportsIndirectInputEvents = YES;
				INFOPLIST_KEY_UILaunchStoryboardName = LaunchScreen;
				INFOPLIST_KEY_UIMainStoryboardFile = Main;
				INFOPLIST_KEY_UISupportedInterfaceOrientations_iPad = "UIInterfaceOrientationPortrait UIInterfaceOrientationPortraitUpsideDown UIInterfaceOrientationLandscapeLeft UIInterfaceOrientationLandscapeRight";
				INFOPLIST_KEY_UISupportedInterfaceOrientations_iPhone = "UIInterfaceOrientationPortrait UIInterfaceOrientationLandscapeLeft UIInterfaceOrientationLandscapeRight";
				LD_RUNPATH_SEARCH_PATHS = (
					"$(inherited)",
					"@executable_path/Frameworks",
				);
				MARKETING_VERSION = 1.0;
				PRODUCT_BUNDLE_IDENTIFIER = com.nikita.YogaAppFitness22;
				PRODUCT_NAME = "$(TARGET_NAME)";
				SWIFT_EMIT_LOC_STRINGS = YES;
				SWIFT_VERSION = 5.0;
				TARGETED_DEVICE_FAMILY = "1,2";
			};
			name = Debug;
		};
		CA3F0BDE2B728307000F3485 /* Release */ = {
			isa = XCBuildConfiguration;
			buildSettings = {
				ASSETCATALOG_COMPILER_APPICON_NAME = AppIcon;
				ASSETCATALOG_COMPILER_GLOBAL_ACCENT_COLOR_NAME = AccentColor;
				CODE_SIGN_STYLE = Automatic;
				CURRENT_PROJECT_VERSION = 1;
				GENERATE_INFOPLIST_FILE = YES;
				INFOPLIST_FILE = YogaAppFitness22/Info.plist;
				INFOPLIST_KEY_UIApplicationSupportsIndirectInputEvents = YES;
				INFOPLIST_KEY_UILaunchStoryboardName = LaunchScreen;
				INFOPLIST_KEY_UIMainStoryboardFile = Main;
				INFOPLIST_KEY_UISupportedInterfaceOrientations_iPad = "UIInterfaceOrientationPortrait UIInterfaceOrientationPortraitUpsideDown UIInterfaceOrientationLandscapeLeft UIInterfaceOrientationLandscapeRight";
				INFOPLIST_KEY_UISupportedInterfaceOrientations_iPhone = "UIInterfaceOrientationPortrait UIInterfaceOrientationLandscapeLeft UIInterfaceOrientationLandscapeRight";
				LD_RUNPATH_SEARCH_PATHS = (
					"$(inherited)",
					"@executable_path/Frameworks",
				);
				MARKETING_VERSION = 1.0;
				PRODUCT_BUNDLE_IDENTIFIER = com.nikita.YogaAppFitness22;
				PRODUCT_NAME = "$(TARGET_NAME)";
				SWIFT_EMIT_LOC_STRINGS = YES;
				SWIFT_VERSION = 5.0;
				TARGETED_DEVICE_FAMILY = "1,2";
			};
			name = Release;
		};
/* End XCBuildConfiguration section */

/* Begin XCConfigurationList section */
		CA3F0BC32B7282F6000F3485 /* Build configuration list for PBXProject "YogaAppFitness22" */ = {
			isa = XCConfigurationList;
			buildConfigurations = (
				CA3F0BDA2B728307000F3485 /* Debug */,
				CA3F0BDB2B728307000F3485 /* Release */,
			);
			defaultConfigurationIsVisible = 0;
			defaultConfigurationName = Release;
		};
		CA3F0BDC2B728307000F3485 /* Build configuration list for PBXNativeTarget "YogaAppFitness22" */ = {
			isa = XCConfigurationList;
			buildConfigurations = (
				CA3F0BDD2B728307000F3485 /* Debug */,
				CA3F0BDE2B728307000F3485 /* Release */,
			);
			defaultConfigurationIsVisible = 0;
			defaultConfigurationName = Release;
		};
/* End XCConfigurationList section */
	};
	rootObject = CA3F0BC02B7282F6000F3485 /* Project object */;
}
